<?xml version="1.0" encoding="utf-8"?>
<Project ToolsVersion="4.0" xmlns="http://schemas.microsoft.com/developer/msbuild/2003">
  <ItemGroup>
    <Filter Include="Math">
      <UniqueIdentifier>{54fff3a4-92f8-4cfb-bec5-7b915b47903c}</UniqueIdentifier>
    </Filter>
    <Filter Include="Resource">
      <UniqueIdentifier>{67DA6AB6-F800-4c08-8B7A-83BB121AAD01}</UniqueIdentifier>
      <Extensions>rc;ico;cur;bmp;dlg;rc2;rct;bin;rgs;gif;jpg;jpeg;jpe;resx;tiff;tif;png;wav;mfcribbon-ms</Extensions>
    </Filter>
    <Filter Include="Resource\Shader">
      <UniqueIdentifier>{5c5c7f06-12c8-42bd-acdb-15a558affb01}</UniqueIdentifier>
    </Filter>
    <Filter Include="DirectX">
      <UniqueIdentifier>{d70244df-b1f0-4d40-905b-953e102bc592}</UniqueIdentifier>
    </Filter>
    <Filter Include="Engine">
      <UniqueIdentifier>{4ee58779-9466-42c9-83b9-92ea4f59ecea}</UniqueIdentifier>
    </Filter>
    <Filter Include="ImGui">
      <UniqueIdentifier>{6db9e17f-f197-4e42-b3f1-cb2ff6e91dbd}</UniqueIdentifier>
    </Filter>
    <Filter Include="Core">
      <UniqueIdentifier>{037960d9-387a-4f3b-b817-dc45accd18a9}</UniqueIdentifier>
    </Filter>
  </ItemGroup>
  <ItemGroup>
    <ClCompile Include="Math\MathUtils.cpp">
      <Filter>Math</Filter>
    </ClCompile>
    <ClCompile Include="Externals\ImGui\imgui.cpp">
      <Filter>ImGui</Filter>
    </ClCompile>
    <ClCompile Include="Externals\ImGui\imgui_demo.cpp">
      <Filter>ImGui</Filter>
    </ClCompile>
    <ClCompile Include="Externals\ImGui\imgui_draw.cpp">
      <Filter>ImGui</Filter>
    </ClCompile>
    <ClCompile Include="Externals\ImGui\imgui_impl_dx12.cpp">
      <Filter>ImGui</Filter>
    </ClCompile>
    <ClCompile Include="Externals\ImGui\imgui_impl_win32.cpp">
      <Filter>ImGui</Filter>
    </ClCompile>
    <ClCompile Include="Externals\ImGui\imgui_tables.cpp">
      <Filter>ImGui</Filter>
    </ClCompile>
    <ClCompile Include="Externals\ImGui\imgui_widgets.cpp">
      <Filter>ImGui</Filter>
    </ClCompile>
    <ClCompile Include="DX12\CommandList.cpp">
      <Filter>DirectX</Filter>
    </ClCompile>
    <ClCompile Include="DX12\CommandQueue.cpp">
      <Filter>DirectX</Filter>
    </ClCompile>
    <ClCompile Include="DX12\Descriptor.cpp">
      <Filter>DirectX</Filter>
    </ClCompile>
    <ClCompile Include="DX12\DescriptorHeap.cpp">
      <Filter>DirectX</Filter>
    </ClCompile>
    <ClCompile Include="DX12\Device.cpp">
      <Filter>DirectX</Filter>
    </ClCompile>
    <ClCompile Include="DX12\DX12.cpp">
      <Filter>DirectX</Filter>
    </ClCompile>
    <ClCompile Include="DX12\Fence.cpp">
      <Filter>DirectX</Filter>
    </ClCompile>
    <ClCompile Include="DX12\PipelineState.cpp">
      <Filter>DirectX</Filter>
    </ClCompile>
    <ClCompile Include="DX12\RootSignature.cpp">
      <Filter>DirectX</Filter>
    </ClCompile>
    <ClCompile Include="DX12\Shader.cpp">
      <Filter>DirectX</Filter>
    </ClCompile>
    <ClCompile Include="DX12\ShaderCompiler.cpp">
      <Filter>DirectX</Filter>
    </ClCompile>
    <ClCompile Include="DX12\SwapChain.cpp">
      <Filter>DirectX</Filter>
    </ClCompile>
    <ClCompile Include="DX12\Views.cpp">
      <Filter>DirectX</Filter>
    </ClCompile>
    <ClCompile Include="GraphicsEngine.cpp">
      <Filter>Engine</Filter>
    </ClCompile>
    <ClCompile Include="ObjFile.cpp">
      <Filter>Engine</Filter>
    </ClCompile>
    <ClCompile Include="Window.cpp">
      <Filter>Engine</Filter>
    </ClCompile>
    <ClCompile Include="DX12\Texture.cpp">
      <Filter>DirectX</Filter>
    </ClCompile>
    <ClCompile Include="ImGuiManager.cpp">
      <Filter>Engine</Filter>
    </ClCompile>
    <ClCompile Include="Object.cpp">
      <Filter>Engine</Filter>
    </ClCompile>
    <ClCompile Include="TextureManager.cpp">
      <Filter>Engine</Filter>
    </ClCompile>
    <ClCompile Include="Material.cpp">
      <Filter>Engine</Filter>
    </ClCompile>
    <ClCompile Include="Camera.cpp">
      <Filter>Engine</Filter>
    </ClCompile>
    <ClCompile Include="Input.cpp">
      <Filter>Engine</Filter>
    </ClCompile>
    <ClCompile Include="main.cpp" />
    <ClCompile Include="PostEffect.cpp" />
    <ClCompile Include="DX12\Resource.cpp">
      <Filter>DirectX</Filter>
    </ClCompile>
    <ClCompile Include="DX12\PixelBuffer.cpp">
      <Filter>DirectX</Filter>
    </ClCompile>
    <ClCompile Include="DX12\DepthBuffer.cpp">
      <Filter>DirectX</Filter>
    </ClCompile>
    <ClCompile Include="DX12\ColorBuffer.cpp">
      <Filter>DirectX</Filter>
    </ClCompile>
    <ClCompile Include="Core\Graphics.cpp">
      <Filter>Core</Filter>
    </ClCompile>
    <ClCompile Include="Core\UploadBuffer.cpp">
      <Filter>Core</Filter>
    </ClCompile>
    <ClCompile Include="Core\DescriptorAllocator.cpp">
      <Filter>Core</Filter>
    </ClCompile>
    <ClCompile Include="Core\DescriptorAllocatorPage.cpp">
      <Filter>Core</Filter>
    </ClCompile>
    <ClCompile Include="Core\DescriptorAllocation.cpp">
      <Filter>Core</Filter>
    </ClCompile>
    <ClCompile Include="Core\DynamicDescriptorHeap.cpp">
      <Filter>Core</Filter>
    </ClCompile>
    <ClCompile Include="Core\RootSignature.cpp">
      <Filter>Core</Filter>
    </ClCompile>
    <ClCompile Include="Core\Defines.cpp">
      <Filter>Core</Filter>
    </ClCompile>
    <ClCompile Include="Core\GPUResource.cpp">
      <Filter>Core</Filter>
    </ClCompile>
    <ClCompile Include="Core\ResourceStateTracker.cpp">
      <Filter>Core</Filter>
    </ClCompile>
    <ClCompile Include="Core\GPUBuffer.cpp">
      <Filter>Core</Filter>
    </ClCompile>
    <ClCompile Include="Core\VertexBuffer.cpp">
      <Filter>Core</Filter>
    </ClCompile>
    <ClCompile Include="Core\IndexBuffer.cpp">
      <Filter>Core</Filter>
    </ClCompile>
    <ClCompile Include="Core\StructuredBuffer.cpp">
      <Filter>Core</Filter>
    </ClCompile>
    <ClCompile Include="Core\Texture.cpp">
      <Filter>Core</Filter>
    </ClCompile>
    <ClCompile Include="Core\ByteAddressBuffer.cpp">
      <Filter>Core</Filter>
    </ClCompile>
    <ClCompile Include="Core\ConstantBuffer.cpp">
      <Filter>Core</Filter>
    </ClCompile>
    <ClCompile Include="Core\RenderTarget.cpp">
      <Filter>Core</Filter>
    </ClCompile>
    <ClCompile Include="Core\CommandAllocatorPool.cpp" />
  </ItemGroup>
  <ItemGroup>
    <ClInclude Include="Externals\ImGui\imconfig.h">
      <Filter>ImGui</Filter>
    </ClInclude>
    <ClInclude Include="Externals\ImGui\imgui.h">
      <Filter>ImGui</Filter>
    </ClInclude>
    <ClInclude Include="Externals\ImGui\imgui_impl_dx12.h">
      <Filter>ImGui</Filter>
    </ClInclude>
    <ClInclude Include="Externals\ImGui\imgui_impl_win32.h">
      <Filter>ImGui</Filter>
    </ClInclude>
    <ClInclude Include="Externals\ImGui\imgui_internal.h">
      <Filter>ImGui</Filter>
    </ClInclude>
    <ClInclude Include="Externals\ImGui\imstb_rectpack.h">
      <Filter>ImGui</Filter>
    </ClInclude>
    <ClInclude Include="Externals\ImGui\imstb_textedit.h">
      <Filter>ImGui</Filter>
    </ClInclude>
    <ClInclude Include="Externals\ImGui\imstb_truetype.h">
      <Filter>ImGui</Filter>
    </ClInclude>
    <ClInclude Include="Math\MathUtils.h">
      <Filter>Math</Filter>
    </ClInclude>
    <ClInclude Include="DX12\CommandList.h">
      <Filter>DirectX</Filter>
    </ClInclude>
    <ClInclude Include="DX12\CommandQueue.h">
      <Filter>DirectX</Filter>
    </ClInclude>
    <ClInclude Include="DX12\Descriptor.h">
      <Filter>DirectX</Filter>
    </ClInclude>
    <ClInclude Include="DX12\DescriptorHeap.h">
      <Filter>DirectX</Filter>
    </ClInclude>
    <ClInclude Include="DX12\Device.h">
      <Filter>DirectX</Filter>
    </ClInclude>
    <ClInclude Include="DX12\DX12.h">
      <Filter>DirectX</Filter>
    </ClInclude>
    <ClInclude Include="DX12\Fence.h">
      <Filter>DirectX</Filter>
    </ClInclude>
    <ClInclude Include="DX12\PipelineState.h">
      <Filter>DirectX</Filter>
    </ClInclude>
    <ClInclude Include="DX12\RootSignature.h">
      <Filter>DirectX</Filter>
    </ClInclude>
    <ClInclude Include="DX12\Shader.h">
      <Filter>DirectX</Filter>
    </ClInclude>
    <ClInclude Include="DX12\ShaderCompiler.h">
      <Filter>DirectX</Filter>
    </ClInclude>
    <ClInclude Include="DX12\SwapChain.h">
      <Filter>DirectX</Filter>
    </ClInclude>
    <ClInclude Include="DX12\Views.h">
      <Filter>DirectX</Filter>
    </ClInclude>
    <ClInclude Include="GraphicsEngine.h">
      <Filter>Engine</Filter>
    </ClInclude>
    <ClInclude Include="DX12\Texture.h">
      <Filter>DirectX</Filter>
    </ClInclude>
    <ClInclude Include="ObjFile.h">
      <Filter>Engine</Filter>
    </ClInclude>
    <ClInclude Include="Window.h">
      <Filter>Engine</Filter>
    </ClInclude>
    <ClInclude Include="ImGuiManager.h">
      <Filter>Engine</Filter>
    </ClInclude>
    <ClInclude Include="Object.h">
      <Filter>Engine</Filter>
    </ClInclude>
    <ClInclude Include="TextureManager.h">
      <Filter>Engine</Filter>
    </ClInclude>
    <ClInclude Include="Material.h">
      <Filter>Engine</Filter>
    </ClInclude>
    <ClInclude Include="MeshResource.h">
      <Filter>Engine</Filter>
    </ClInclude>
    <ClInclude Include="Camera.h">
      <Filter>Engine</Filter>
    </ClInclude>
    <ClInclude Include="Input.h">
      <Filter>Engine</Filter>
    </ClInclude>
    <ClInclude Include="PostEffect.h" />
    <ClInclude Include="DX12\Resource.h">
      <Filter>DirectX</Filter>
    </ClInclude>
    <ClInclude Include="DX12\PixelBuffer.h">
      <Filter>DirectX</Filter>
    </ClInclude>
    <ClInclude Include="DX12\GPUResource.h">
      <Filter>DirectX</Filter>
    </ClInclude>
    <ClInclude Include="DX12\DepthBuffer.h">
      <Filter>DirectX</Filter>
    </ClInclude>
    <ClInclude Include="DX12\ColorBuffer.h">
      <Filter>DirectX</Filter>
    </ClInclude>
    <ClInclude Include="Core\Defines.h">
      <Filter>Core</Filter>
    </ClInclude>
    <ClInclude Include="Core\Graphics.h">
      <Filter>Core</Filter>
    </ClInclude>
    <ClInclude Include="Core\UploadBuffer.h">
      <Filter>Core</Filter>
    </ClInclude>
    <ClInclude Include="Core\Utility.h">
      <Filter>Core</Filter>
    </ClInclude>
    <ClInclude Include="Core\DescriptorAllocator.h">
      <Filter>Core</Filter>
    </ClInclude>
    <ClInclude Include="Core\DescriptorAllocatorPage.h">
      <Filter>Core</Filter>
    </ClInclude>
    <ClInclude Include="Core\DescriptorAllocation.h">
      <Filter>Core</Filter>
    </ClInclude>
    <ClInclude Include="Core\CommandList.h">
      <Filter>Core</Filter>
    </ClInclude>
    <ClInclude Include="Core\DynamicDescriptorHeap.h">
      <Filter>Core</Filter>
    </ClInclude>
    <ClInclude Include="Core\RootSignature.h">
      <Filter>Core</Filter>
    </ClInclude>
    <ClInclude Include="Core\GPUResource.h">
      <Filter>Core</Filter>
    </ClInclude>
    <ClInclude Include="Core\ResourceStateTracker.h">
      <Filter>Core</Filter>
    </ClInclude>
    <ClInclude Include="Core\GPUBuffer.h">
      <Filter>Core</Filter>
    </ClInclude>
    <ClInclude Include="Core\VertexBuffer.h">
      <Filter>Core</Filter>
    </ClInclude>
    <ClInclude Include="Core\IndexBuffer.h">
      <Filter>Core</Filter>
    </ClInclude>
    <ClInclude Include="Core\StructuredBuffer.h">
      <Filter>Core</Filter>
    </ClInclude>
    <ClInclude Include="Core\TextureUsage.h">
      <Filter>Core</Filter>
    </ClInclude>
    <ClInclude Include="Core\Texture.h">
      <Filter>Core</Filter>
    </ClInclude>
    <ClInclude Include="Core\ByteAddressBuffer.h">
      <Filter>Core</Filter>
    </ClInclude>
    <ClInclude Include="Core\ConstantBuffer.h">
      <Filter>Core</Filter>
    </ClInclude>
    <ClInclude Include="Core\RenderTarget.h">
      <Filter>Core</Filter>
    </ClInclude>
    <ClInclude Include="Core\ThreadSafeQueue.h">
      <Filter>Core</Filter>
    </ClInclude>
    <ClInclude Include="Core\CommandListManager.h">
      <Filter>Core</Filter>
    </ClInclude>
    <ClInclude Include="Core\CommandAllocatorPool.h">
      <Filter>Core</Filter>
    </ClInclude>
  </ItemGroup>
  <ItemGroup>
    <None Include="NoneLighting.PS.hlsl">
      <Filter>Resource\Shader</Filter>
    </None>
    <None Include="Object3D.VS.hlsl">
      <Filter>Resource\Shader</Filter>
    </None>
    <None Include="Object3D.hlsli">
      <Filter>Resource\Shader</Filter>
    </None>
    <None Include="LambertLighting.PS.hlsl">
      <Filter>Resource\Shader</Filter>
    </None>
    <None Include="HalfLambertLighting.PS.hlsl">
      <Filter>Resource\Shader</Filter>
    </None>
    <None Include="PostEffect.VS.hlsl">
      <Filter>Resource\Shader</Filter>
    </None>
    <None Include="Test.PS.hlsl">
      <Filter>Resource\Shader</Filter>
    </None>
    <None Include="Core\Utilitycpp">
      <Filter>Core</Filter>
    </None>
  </ItemGroup>
</Project>